
Microsoft Visual Studio Solution File, Format Version 12.00
# Visual Studio 15
VisualStudioVersion = 15.0.28307.1062
MinimumVisualStudioVersion = 10.0.40219.1
Project("{FAE04EC0-301F-11D3-BF4B-00C04F79EFBC}") = "WebApplication4", "WebApplication4\WebApplication4.csproj", "{9F196409-7B21-460C-8F14-A0366A1C0E29}"
EndProject
Global
	GlobalSection(SolutionConfigurationPlatforms) = preSolution
		Debug|Any CPU = Debug|Any CPU
		Release|Any CPU = Release|Any CPU
	EndGlobalSection
	GlobalSection(ProjectConfigurationPlatforms) = postSolution
		{9F196409-7B21-460C-8F14-A0366A1C0E29}.Debug|Any CPU.ActiveCfg = Debug|Any CPU
		{9F196409-7B21-460C-8F14-A0366A1C0E29}.Debug|Any CPU.Build.0 = Debug|Any CPU
		{9F196409-7B21-460C-8F14-A0366A1C0E29}.Release|Any CPU.ActiveCfg = Release|Any CPU
		{9F196409-7B21-460C-8F14-A0366A1C0E29}.Release|Any CPU.Build.0 = Release|Any CPU
	EndGlobalSection
	GlobalSection(SolutionProperties) = preSolution
		HideSolutionNode = FALSE
	EndGlobalSection
	GlobalSection(ExtensibilityGlobals) = postSolution
		SolutionGuid = {C6154C18-3C70-4CE7-BCFE-8ECDCE019632}
	EndGlobalSection
EndGlobal
